
Microsoft Visual Studio Solution File, Format Version 12.00
# Visual Studio Version 17
VisualStudioVersion = 17.10.35122.118
MinimumVisualStudioVersion = 10.0.40219.1
Project("{FAE04EC0-301F-11D3-BF4B-00C04F79EFBC}") = "C#-Bing-BackGround", "C#-Bing-BackGround.csproj", "{45462B97-B39A-42F5-9CD8-0C62944986EE}"
EndProject
Global
	GlobalSection(SolutionConfigurationPlatforms) = preSolution
		Debug|Any CPU = Debug|Any CPU
		Release|Any CPU = Release|Any CPU
	EndGlobalSection
	GlobalSection(ProjectConfigurationPlatforms) = postSolution
		{45462B97-B39A-42F5-9CD8-0C62944986EE}.Debug|Any CPU.ActiveCfg = Debug|Any CPU
		{45462B97-B39A-42F5-9CD8-0C62944986EE}.Debug|Any CPU.Build.0 = Debug|Any CPU
		{45462B97-B39A-42F5-9CD8-0C62944986EE}.Release|Any CPU.ActiveCfg = Release|Any CPU
		{45462B97-B39A-42F5-9CD8-0C62944986EE}.Release|Any CPU.Build.0 = Release|Any CPU
	EndGlobalSection
	GlobalSection(SolutionProperties) = preSolution
		HideSolutionNode = FALSE
	EndGlobalSection
	GlobalSection(ExtensibilityGlobals) = postSolution
		SolutionGuid = {A7BFDE16-85E4-4810-99C7-FBC7790E9DD6}
	EndGlobalSection
EndGlobal
